schema: '2.0'
stages:
  make_dataset:
    cmd: python src/data/make_dataset.py
    deps:
    - path: src/data/make_dataset.py
      hash: md5
      md5: 1a194311ca97620996aec8a6298404ef
      size: 1743
    outs:
    - path: data/raw
      hash: md5
      md5: b558868568c58d07b21917adba43f4c6.dir
      size: 887224
      nfiles: 2
  preprocessing:
    cmd: python src/processing/preprocessing.py
    deps:
    - path: src/processing/preprocessing.py
      hash: md5
      md5: 85b110c6843b8da617a211bb82d96611
      size: 2437
    outs:
    - path: data/interim
      hash: md5
      md5: 27d72ad485f2a52a0c9b5375e121c81f.dir
      size: 681556
      nfiles: 2
  Feature_engineering:
    cmd: python src/features/build_features.py
    deps:
    - path: src/features/build_features.py
      hash: md5
      md5: 93d3e9973834b3f5a64aaba64ba3479e
      size: 1952
    params:
      params.yaml:
        build_features.max_features: 65
    outs:
    - path: data/processed
      hash: md5
      md5: f0349fe0dc75a6753219341c8cdce448.dir
      size: 3051465
      nfiles: 2
  model_training:
    cmd: python src/models/train_model.py
    deps:
    - path: src/models/train_model.py
      hash: md5
      md5: ce387b574167f5a9e55b142572bf2c8d
      size: 793
    params:
      params.yaml:
        train_model.learning_rate: 0.1
        train_model.n_estimators: 60
    outs:
    - path: src/models/model.pkl
      hash: md5
      md5: 7d8b730a104e4d1b8b77e1330a9e1009
      size: 81369
  model_evaluation:
    cmd: python src/models/predict_model.py
    deps:
    - path: src/models/predict_model.py
      hash: md5
      md5: 25fc944269c9e590921d6afbb0bcf6c1
      size: 927
    outs:
    - path: metrics.json
      hash: md5
      md5: 2cc4a5f5cc11a6ad897f96ebc5fadf18
      size: 145
